// !$*UTF8*$!
{
	archiveVersion = 1;
	classes = {
	};
	objectVersion = 50;
	objects = {

/* Begin PBXBuildFile section */
		4A58CEAF25B2EA460019F0ED /* AppDelegate.m in Sources */ = {isa = PBXBuildFile; fileRef = 4A58CEAE25B2EA460019F0ED /* AppDelegate.m */; };
		4A58CEB225B2EA460019F0ED /* SceneDelegate.m in Sources */ = {isa = PBXBuildFile; fileRef = 4A58CEB125B2EA460019F0ED /* SceneDelegate.m */; };
		4A58CEB525B2EA460019F0ED /* MainViewController.m in Sources */ = {isa = PBXBuildFile; fileRef = 4A58CEB425B2EA460019F0ED /* MainViewController.m */; };
		4A58CEBA25B2EA460019F0ED /* Assets.xcassets in Resources */ = {isa = PBXBuildFile; fileRef = 4A58CEB925B2EA460019F0ED /* Assets.xcassets */; };
		4A58CEBD25B2EA460019F0ED /* LaunchScreen.storyboard in Resources */ = {isa = PBXBuildFile; fileRef = 4A58CEBB25B2EA460019F0ED /* LaunchScreen.storyboard */; };
		4A58CEC025B2EA460019F0ED /* main.m in Sources */ = {isa = PBXBuildFile; fileRef = 4A58CEBF25B2EA460019F0ED /* main.m */; };
		4A58CECD25B2F0140019F0ED /* MainTableViewCell.m in Sources */ = {isa = PBXBuildFile; fileRef = 4A58CECC25B2F0140019F0ED /* MainTableViewCell.m */; };
		4A58CED225B2FFEE0019F0ED /* SecondTableViewController.m in Sources */ = {isa = PBXBuildFile; fileRef = 4A58CED125B2FFEE0019F0ED /* SecondTableViewController.m */; };
/* End PBXBuildFile section */

/* Begin PBXFileReference section */
		4A58CEAA25B2EA460019F0ED /* Lesson_2.app */ = {isa = PBXFileReference; explicitFileType = wrapper.application; includeInIndex = 0; path = Lesson_2.app; sourceTree = BUILT_PRODUCTS_DIR; };
		4A58CEAD25B2EA460019F0ED /* AppDelegate.h */ = {isa = PBXFileReference; lastKnownFileType = sourcecode.c.h; path = AppDelegate.h; sourceTree = "<group>"; };
		4A58CEAE25B2EA460019F0ED /* AppDelegate.m */ = {isa = PBXFileReference; lastKnownFileType = sourcecode.c.objc; path = AppDelegate.m; sourceTree = "<group>"; };
		4A58CEB025B2EA460019F0ED /* SceneDelegate.h */ = {isa = PBXFileReference; lastKnownFileType = sourcecode.c.h; path = SceneDelegate.h; sourceTree = "<group>"; };
		4A58CEB125B2EA460019F0ED /* SceneDelegate.m */ = {isa = PBXFileReference; lastKnownFileType = sourcecode.c.objc; path = SceneDelegate.m; sourceTree = "<group>"; };
		4A58CEB325B2EA460019F0ED /* MainViewController.h */ = {isa = PBXFileReference; lastKnownFileType = sourcecode.c.h; path = MainViewController.h; sourceTree = "<group>"; };
		4A58CEB425B2EA460019F0ED /* MainViewController.m */ = {isa = PBXFileReference; lastKnownFileType = sourcecode.c.objc; path = MainViewController.m; sourceTree = "<group>"; };
		4A58CEB925B2EA460019F0ED /* Assets.xcassets */ = {isa = PBXFileReference; lastKnownFileType = folder.assetcatalog; path = Assets.xcassets; sourceTree = "<group>"; };
		4A58CEBC25B2EA460019F0ED /* Base */ = {isa = PBXFileReference; lastKnownFileType = file.storyboard; name = Base; path = Base.lproj/LaunchScreen.storyboard; sourceTree = "<group>"; };
		4A58CEBE25B2EA460019F0ED /* Info.plist */ = {isa = PBXFileReference; lastKnownFileType = text.plist.xml; path = Info.plist; sourceTree = "<group>"; };
		4A58CEBF25B2EA460019F0ED /* main.m */ = {isa = PBXFileReference; lastKnownFileType = sourcecode.c.objc; path = main.m; sourceTree = "<group>"; };
		4A58CECB25B2F0140019F0ED /* MainTableViewCell.h */ = {isa = PBXFileReference; lastKnownFileType = sourcecode.c.h; path = MainTableViewCell.h; sourceTree = "<group>"; };
		4A58CECC25B2F0140019F0ED /* MainTableViewCell.m */ = {isa = PBXFileReference; lastKnownFileType = sourcecode.c.objc; path = MainTableViewCell.m; sourceTree = "<group>"; };
		4A58CED025B2FFEE0019F0ED /* SecondTableViewController.h */ = {isa = PBXFileReference; lastKnownFileType = sourcecode.c.h; path = SecondTableViewController.h; sourceTree = "<group>"; };
		4A58CED125B2FFEE0019F0ED /* SecondTableViewController.m */ = {isa = PBXFileReference; lastKnownFileType = sourcecode.c.objc; path = SecondTableViewController.m; sourceTree = "<group>"; };
/* End PBXFileReference section */

/* Begin PBXFrameworksBuildPhase section */
		4A58CEA725B2EA460019F0ED /* Frameworks */ = {
			isa = PBXFrameworksBuildPhase;
			buildActionMask = 2147483647;
			files = (
			);
			runOnlyForDeploymentPostprocessing = 0;
		};
/* End PBXFrameworksBuildPhase section */

/* Begin PBXGroup section */
		4A58CEA125B2EA460019F0ED = {
			isa = PBXGroup;
			children = (
				4A58CEAC25B2EA460019F0ED /* Lesson_2 */,
				4A58CEAB25B2EA460019F0ED /* Products */,
			);
			sourceTree = "<group>";
		};
		4A58CEAB25B2EA460019F0ED /* Products */ = {
			isa = PBXGroup;
			children = (
				4A58CEAA25B2EA460019F0ED /* Lesson_2.app */,
			);
			name = Products;
			sourceTree = "<group>";
		};
		4A58CEAC25B2EA460019F0ED /* Lesson_2 */ = {
			isa = PBXGroup;
			children = (
				4A58CEAD25B2EA460019F0ED /* AppDelegate.h */,
				4A58CEAE25B2EA460019F0ED /* AppDelegate.m */,
				4A58CEB025B2EA460019F0ED /* SceneDelegate.h */,
				4A58CEB125B2EA460019F0ED /* SceneDelegate.m */,
				4A58CEB325B2EA460019F0ED /* MainViewController.h */,
				4A58CEB425B2EA460019F0ED /* MainViewController.m */,
				4A58CECB25B2F0140019F0ED /* MainTableViewCell.h */,
				4A58CECC25B2F0140019F0ED /* MainTableViewCell.m */,
				4A58CED025B2FFEE0019F0ED /* SecondTableViewController.h */,
				4A58CED125B2FFEE0019F0ED /* SecondTableViewController.m */,
				4A58CEB925B2EA460019F0ED /* Assets.xcassets */,
				4A58CEBB25B2EA460019F0ED /* LaunchScreen.storyboard */,
				4A58CEBE25B2EA460019F0ED /* Info.plist */,
				4A58CEBF25B2EA460019F0ED /* main.m */,
			);
			path = Lesson_2;
			sourceTree = "<group>";
		};
/* End PBXGroup section */

/* Begin PBXNativeTarget section */
		4A58CEA925B2EA460019F0ED /* Lesson_2 */ = {
			isa = PBXNativeTarget;
			buildConfigurationList = 4A58CEC325B2EA460019F0ED /* Build configuration list for PBXNativeTarget "Lesson_2" */;
			buildPhases = (
				4A58CEA625B2EA460019F0ED /* Sources */,
				4A58CEA725B2EA460019F0ED /* Frameworks */,
				4A58CEA825B2EA460019F0ED /* Resources */,
			);
			buildRules = (
			);
			dependencies = (
			);
			name = Lesson_2;
			productName = Lesson_2;
			productReference = 4A58CEAA25B2EA460019F0ED /* Lesson_2.app */;
			productType = "com.apple.product-type.application";
		};
/* End PBXNativeTarget section */

/* Begin PBXProject section */
		4A58CEA225B2EA460019F0ED /* Project object */ = {
			isa = PBXProject;
			attributes = {
				LastUpgradeCheck = 1230;
				TargetAttributes = {
					4A58CEA925B2EA460019F0ED = {
						CreatedOnToolsVersion = 12.3;
					};
				};
			};
			buildConfigurationList = 4A58CEA525B2EA460019F0ED /* Build configuration list for PBXProject "Lesson_2" */;
			compatibilityVersion = "Xcode 9.3";
			developmentRegion = en;
			hasScannedForEncodings = 0;
			knownRegions = (
				en,
				Base,
			);
			mainGroup = 4A58CEA125B2EA460019F0ED;
			productRefGroup = 4A58CEAB25B2EA460019F0ED /* Products */;
			projectDirPath = "";
			projectRoot = "";
			targets = (
				4A58CEA925B2EA460019F0ED /* Lesson_2 */,
			);
		};
/* End PBXProject section */

/* Begin PBXResourcesBuildPhase section */
		4A58CEA825B2EA460019F0ED /* Resources */ = {
			isa = PBXResourcesBuildPhase;
			buildActionMask = 2147483647;
			files = (
				4A58CEBD25B2EA460019F0ED /* LaunchScreen.storyboard in Resources */,
				4A58CEBA25B2EA460019F0ED /* Assets.xcassets in Resources */,
			);
			runOnlyForDeploymentPostprocessing = 0;
		};
/* End PBXResourcesBuildPhase section */

/* Begin PBXSourcesBuildPhase section */
		4A58CEA625B2EA460019F0ED /* Sources */ = {
			isa = PBXSourcesBuildPhase;
			buildActionMask = 2147483647;
			files = (
				4A58CEB525B2EA460019F0ED /* MainViewController.m in Sources */,
				4A58CEAF25B2EA460019F0ED /* AppDelegate.m in Sources */,
				4A58CEC025B2EA460019F0ED /* main.m in Sources */,
				4A58CEB225B2EA460019F0ED /* SceneDelegate.m in Sources */,
				4A58CECD25B2F0140019F0ED /* MainTableViewCell.m in Sources */,
				4A58CED225B2FFEE0019F0ED /* SecondTableViewController.m in Sources */,
			);
			runOnlyForDeploymentPostprocessing = 0;
		};
/* End PBXSourcesBuildPhase section */

/* Begin PBXVariantGroup section */
		4A58CEBB25B2EA460019F0ED /* LaunchScreen.storyboard */ = {
			isa = PBXVariantGroup;
			children = (
				4A58CEBC25B2EA460019F0ED /* Base */,
			);
			name = LaunchScreen.storyboard;
			sourceTree = "<group>";
		};
/* End PBXVariantGroup section */

/* Begin XCBuildConfiguration section */
		4A58CEC125B2EA460019F0ED /* Debug */ = {
			isa = XCBuildConfiguration;
			buildSettings = {
				ALWAYS_SEARCH_USER_PATHS = NO;
				CLANG_ANALYZER_NONNULL = YES;
				CLANG_ANALYZER_NUMBER_OBJECT_CONVERSION = YES_AGGRESSIVE;
				CLANG_CXX_LANGUAGE_STANDARD = "gnu++14";
				CLANG_CXX_LIBRARY = "libc++";
				CLANG_ENABLE_MODULES = YES;
				CLANG_ENABLE_OBJC_ARC = YES;
				CLANG_ENABLE_OBJC_WEAK = YES;
				CLANG_WARN_BLOCK_CAPTURE_AUTORELEASING = YES;
				CLANG_WARN_BOOL_CONVERSION = YES;
				CLANG_WARN_COMMA = YES;
				CLANG_WARN_CONSTANT_CONVERSION = YES;
				CLANG_WARN_DEPRECATED_OBJC_IMPLEMENTATIONS = YES;
				CLANG_WARN_DIRECT_OBJC_ISA_USAGE = YES_ERROR;
				CLANG_WARN_DOCUMENTATION_COMMENTS = YES;
				CLANG_WARN_EMPTY_BODY = YES;
				CLANG_WARN_ENUM_CONVERSION = YES;
				CLANG_WARN_INFINITE_RECURSION = YES;
				CLANG_WARN_INT_CONVERSION = YES;
				CLANG_WARN_NON_LITERAL_NULL_CONVERSION = YES;
				CLANG_WARN_OBJC_IMPLICIT_RETAIN_SELF = YES;
				CLANG_WARN_OBJC_LITERAL_CONVERSION = YES;
				CLANG_WARN_OBJC_ROOT_CLASS = YES_ERROR;
				CLANG_WARN_QUOTED_INCLUDE_IN_FRAMEWORK_HEADER = YES;
				CLANG_WARN_RANGE_LOOP_ANALYSIS = YES;
				CLANG_WARN_STRICT_PROTOTYPES = YES;
				CLANG_WARN_SUSPICIOUS_MOVE = YES;
				CLANG_WARN_UNGUARDED_AVAILABILITY = YES_AGGRESSIVE;
				CLANG_WARN_UNREACHABLE_CODE = YES;
				CLANG_WARN__DUPLICATE_METHOD_MATCH = YES;
				COPY_PHASE_STRIP = NO;
				DEBUG_INFORMATION_FORMAT = dwarf;
				ENABLE_STRICT_OBJC_MSGSEND = YES;
				ENABLE_TESTABILITY = YES;
				GCC_C_LANGUAGE_STANDARD = gnu11;
				GCC_DYNAMIC_NO_PIC = NO;
				GCC_NO_COMMON_BLOCKS = YES;
				GCC_OPTIMIZATION_LEVEL = 0;
				GCC_PREPROCESSOR_DEFINITIONS = (
					"DEBUG=1",
					"$(inherited)",
				);
				GCC_WARN_64_TO_32_BIT_CONVERSION = YES;
				GCC_WARN_ABOUT_RETURN_TYPE = YES_ERROR;
				GCC_WARN_UNDECLARED_SELECTOR = YES;
				GCC_WARN_UNINITIALIZED_AUTOS = YES_AGGRESSIVE;
				GCC_WARN_UNUSED_FUNCTION = YES;
				GCC_WARN_UNUSED_VARIABLE = YES;
				IPHONEOS_DEPLOYMENT_TARGET = 14.3;
				MTL_ENABLE_DEBUG_INFO = INCLUDE_SOURCE;
				MTL_FAST_MATH = YES;
				ONLY_ACTIVE_ARCH = YES;
				SDKROOT = iphoneos;
			};
			name = Debug;
		};
		4A58CEC225B2EA460019F0ED /* Release */ = {
			isa = XCBuildConfiguration;
			buildSettings = {
				ALWAYS_SEARCH_USER_PATHS = NO;
				CLANG_ANALYZER_NONNULL = YES;
				CLANG_ANALYZER_NUMBER_OBJECT_CONVERSION = YES_AGGRESSIVE;
				CLANG_CXX_LANGUAGE_STANDARD = "gnu++14";
				CLANG_CXX_LIBRARY = "libc++";
				CLANG_ENABLE_MODULES = YES;
				CLANG_ENABLE_OBJC_ARC = YES;
				CLANG_ENABLE_OBJC_WEAK = YES;
				CLANG_WARN_BLOCK_CAPTURE_AUTORELEASING = YES;
				CLANG_WARN_BOOL_CONVERSION = YES;
				CLANG_WARN_COMMA = YES;
				CLANG_WARN_CONSTANT_CONVERSION = YES;
				CLANG_WARN_DEPRECATED_OBJC_IMPLEMENTATIONS = YES;
				CLANG_WARN_DIRECT_OBJC_ISA_USAGE = YES_ERROR;
				CLANG_WARN_DOCUMENTATION_COMMENTS = YES;
				CLANG_WARN_EMPTY_BODY = YES;
				CLANG_WARN_ENUM_CONVERSION = YES;
				CLANG_WARN_INFINITE_RECURSION = YES;
				CLANG_WARN_INT_CONVERSION = YES;
				CLANG_WARN_NON_LITERAL_NULL_CONVERSION = YES;
				CLANG_WARN_OBJC_IMPLICIT_RETAIN_SELF = YES;
				CLANG_WARN_OBJC_LITERAL_CONVERSION = YES;
				CLANG_WARN_OBJC_ROOT_CLASS = YES_ERROR;
				CLANG_WARN_QUOTED_INCLUDE_IN_FRAMEWORK_HEADER = YES;
				CLANG_WARN_RANGE_LOOP_ANALYSIS = YES;
				CLANG_WARN_STRICT_PROTOTYPES = YES;
				CLANG_WARN_SUSPICIOUS_MOVE = YES;
				CLANG_WARN_UNGUARDED_AVAILABILITY = YES_AGGRESSIVE;
				CLANG_WARN_UNREACHABLE_CODE = YES;
				CLANG_WARN__DUPLICATE_METHOD_MATCH = YES;
				COPY_PHASE_STRIP = NO;
				DEBUG_INFORMATION_FORMAT = "dwarf-with-dsym";
				ENABLE_NS_ASSERTIONS = NO;
				ENABLE_STRICT_OBJC_MSGSEND = YES;
				GCC_C_LANGUAGE_STANDARD = gnu11;
				GCC_NO_COMMON_BLOCKS = YES;
				GCC_WARN_64_TO_32_BIT_CONVERSION = YES;
				GCC_WARN_ABOUT_RETURN_TYPE = YES_ERROR;
				GCC_WARN_UNDECLARED_SELECTOR = YES;
				GCC_WARN_UNINITIALIZED_AUTOS = YES_AGGRESSIVE;
				GCC_WARN_UNUSED_FUNCTION = YES;
				GCC_WARN_UNUSED_VARIABLE = YES;
				IPHONEOS_DEPLOYMENT_TARGET = 14.3;
				MTL_ENABLE_DEBUG_INFO = NO;
				MTL_FAST_MATH = YES;
				SDKROOT = iphoneos;
				VALIDATE_PRODUCT = YES;
			};
			name = Release;
		};
		4A58CEC425B2EA460019F0ED /* Debug */ = {
			isa = XCBuildConfiguration;
			buildSettings = {
				ASSETCATALOG_COMPILER_APPICON_NAME = AppIcon;
				ASSETCATALOG_COMPILER_GLOBAL_ACCENT_COLOR_NAME = AccentColor;
				CODE_SIGN_STYLE = Automatic;
				DEVELOPMENT_TEAM = C23RGTGY52;
				INFOPLIST_FILE = Lesson_2/Info.plist;
				LD_RUNPATH_SEARCH_PATHS = (
					"$(inherited)",
					"@executable_path/Frameworks",
				);
				PRODUCT_BUNDLE_IDENTIFIER = "Alexander-Ipatov.Lesson-2";
				PRODUCT_NAME = "$(TARGET_NAME)";
				TARGETED_DEVICE_FAMILY = "1,2";
			};
			name = Debug;
		};
		4A58CEC525B2EA460019F0ED /* Release */ = {
			isa = XCBuildConfiguration;
			buildSettings = {
				ASSETCATALOG_COMPILER_APPICON_NAME = AppIcon;
				ASSETCATALOG_COMPILER_GLOBAL_ACCENT_COLOR_NAME = AccentColor;
				CODE_SIGN_STYLE = Automatic;
				DEVELOPMENT_TEAM = C23RGTGY52;
				INFOPLIST_FILE = Lesson_2/Info.plist;
				LD_RUNPATH_SEARCH_PATHS = (
					"$(inherited)",
					"@executable_path/Frameworks",
				);
				PRODUCT_BUNDLE_IDENTIFIER = "Alexander-Ipatov.Lesson-2";
				PRODUCT_NAME = "$(TARGET_NAME)";
				TARGETED_DEVICE_FAMILY = "1,2";
			};
			name = Release;
		};
/* End XCBuildConfiguration section */

/* Begin XCConfigurationList section */
		4A58CEA525B2EA460019F0ED /* Build configuration list for PBXProject "Lesson_2" */ = {
			isa = XCConfigurationList;
			buildConfigurations = (
				4A58CEC125B2EA460019F0ED /* Debug */,
				4A58CEC225B2EA460019F0ED /* Release */,
			);
			defaultConfigurationIsVisible = 0;
			defaultConfigurationName = Release;
		};
		4A58CEC325B2EA460019F0ED /* Build configuration list for PBXNativeTarget "Lesson_2" */ = {
			isa = XCConfigurationList;
			buildConfigurations = (
				4A58CEC425B2EA460019F0ED /* Debug */,
				4A58CEC525B2EA460019F0ED /* Release */,
			);
			defaultConfigurationIsVisible = 0;
			defaultConfigurationName = Release;
		};
/* End XCConfigurationList section */
	};
	rootObject = 4A58CEA225B2EA460019F0ED /* Project object */;
}
